
Microsoft Visual Studio Solution File, Format Version 12.00
# Visual Studio 15
VisualStudioVersion = 15.0.28307.645
MinimumVisualStudioVersion = 10.0.40219.1
Project("{9A19103F-16F7-4668-BE54-9A1E7A4F7556}") = "HeaderAnalyzer", "HeaderAnalyzer\HeaderAnalyzer.csproj", "{D43D30CB-364F-4748-B247-8C1C379098E6}"
EndProject
Project("{9A19103F-16F7-4668-BE54-9A1E7A4F7556}") = "Tools", "Tools\Tools.csproj", "{223EBF15-7DEE-4247-A0C4-1B79B96C30B9}"
EndProject
Project("{FAE04EC0-301F-11D3-BF4B-00C04F79EFBC}") = "HeaderAnalyzer.Tests", "HeaderAnalyzer.Tests\HeaderAnalyzer.Tests.csproj", "{8F8C99FF-A1FC-4377-89E9-C17B789E141C}"
EndProject
Global
	GlobalSection(SolutionConfigurationPlatforms) = preSolution
		Debug|Any CPU = Debug|Any CPU
		Release|Any CPU = Release|Any CPU
	EndGlobalSection
	GlobalSection(ProjectConfigurationPlatforms) = postSolution
		{D43D30CB-364F-4748-B247-8C1C379098E6}.Debug|Any CPU.ActiveCfg = Debug|Any CPU
		{D43D30CB-364F-4748-B247-8C1C379098E6}.Debug|Any CPU.Build.0 = Debug|Any CPU
		{D43D30CB-364F-4748-B247-8C1C379098E6}.Release|Any CPU.ActiveCfg = Release|Any CPU
		{D43D30CB-364F-4748-B247-8C1C379098E6}.Release|Any CPU.Build.0 = Release|Any CPU
		{223EBF15-7DEE-4247-A0C4-1B79B96C30B9}.Debug|Any CPU.ActiveCfg = Debug|Any CPU
		{223EBF15-7DEE-4247-A0C4-1B79B96C30B9}.Debug|Any CPU.Build.0 = Debug|Any CPU
		{223EBF15-7DEE-4247-A0C4-1B79B96C30B9}.Release|Any CPU.ActiveCfg = Release|Any CPU
		{223EBF15-7DEE-4247-A0C4-1B79B96C30B9}.Release|Any CPU.Build.0 = Release|Any CPU
		{8F8C99FF-A1FC-4377-89E9-C17B789E141C}.Debug|Any CPU.ActiveCfg = Debug|Any CPU
		{8F8C99FF-A1FC-4377-89E9-C17B789E141C}.Debug|Any CPU.Build.0 = Debug|Any CPU
		{8F8C99FF-A1FC-4377-89E9-C17B789E141C}.Release|Any CPU.ActiveCfg = Release|Any CPU
		{8F8C99FF-A1FC-4377-89E9-C17B789E141C}.Release|Any CPU.Build.0 = Release|Any CPU
	EndGlobalSection
	GlobalSection(SolutionProperties) = preSolution
		HideSolutionNode = FALSE
	EndGlobalSection
	GlobalSection(ExtensibilityGlobals) = postSolution
		SolutionGuid = {B8C81A17-4C92-47EC-8699-428C8CC939AE}
	EndGlobalSection
EndGlobal
